
Microsoft Visual Studio Solution File, Format Version 12.00
# Visual Studio Version 17
VisualStudioVersion = 17.9.34728.123
MinimumVisualStudioVersion = 10.0.40219.1
Project("{9A19103F-16F7-4668-BE54-9A1E7A4F7556}") = "NLayerAndGenericRepository", "NLayerAndGenericRepository\NLayerAndGenericRepository.csproj", "{CE5867BC-5F82-4DDF-8437-E5FC277013E1}"
EndProject
Project("{FAE04EC0-301F-11D3-BF4B-00C04F79EFBC}") = "Pronia.Core", "Pronia.Core\Pronia.Core.csproj", "{C0FC725A-6FB6-4A7C-85B3-1181F3D745C2}"
EndProject
Project("{FAE04EC0-301F-11D3-BF4B-00C04F79EFBC}") = "Pronia.Data", "Pronia.Data\Pronia.Data.csproj", "{9821C4A7-B737-462C-8EEF-D23C1F20DE30}"
EndProject
Project("{FAE04EC0-301F-11D3-BF4B-00C04F79EFBC}") = "Pronia.Business", "Pronia.Business\Pronia.Business.csproj", "{385C8D46-433F-44EB-925A-909B05C46F09}"
EndProject
Global
	GlobalSection(SolutionConfigurationPlatforms) = preSolution
		Debug|Any CPU = Debug|Any CPU
		Release|Any CPU = Release|Any CPU
	EndGlobalSection
	GlobalSection(ProjectConfigurationPlatforms) = postSolution
		{CE5867BC-5F82-4DDF-8437-E5FC277013E1}.Debug|Any CPU.ActiveCfg = Debug|Any CPU
		{CE5867BC-5F82-4DDF-8437-E5FC277013E1}.Debug|Any CPU.Build.0 = Debug|Any CPU
		{CE5867BC-5F82-4DDF-8437-E5FC277013E1}.Release|Any CPU.ActiveCfg = Release|Any CPU
		{CE5867BC-5F82-4DDF-8437-E5FC277013E1}.Release|Any CPU.Build.0 = Release|Any CPU
		{C0FC725A-6FB6-4A7C-85B3-1181F3D745C2}.Debug|Any CPU.ActiveCfg = Debug|Any CPU
		{C0FC725A-6FB6-4A7C-85B3-1181F3D745C2}.Debug|Any CPU.Build.0 = Debug|Any CPU
		{C0FC725A-6FB6-4A7C-85B3-1181F3D745C2}.Release|Any CPU.ActiveCfg = Release|Any CPU
		{C0FC725A-6FB6-4A7C-85B3-1181F3D745C2}.Release|Any CPU.Build.0 = Release|Any CPU
		{9821C4A7-B737-462C-8EEF-D23C1F20DE30}.Debug|Any CPU.ActiveCfg = Debug|Any CPU
		{9821C4A7-B737-462C-8EEF-D23C1F20DE30}.Debug|Any CPU.Build.0 = Debug|Any CPU
		{9821C4A7-B737-462C-8EEF-D23C1F20DE30}.Release|Any CPU.ActiveCfg = Release|Any CPU
		{9821C4A7-B737-462C-8EEF-D23C1F20DE30}.Release|Any CPU.Build.0 = Release|Any CPU
		{385C8D46-433F-44EB-925A-909B05C46F09}.Debug|Any CPU.ActiveCfg = Debug|Any CPU
		{385C8D46-433F-44EB-925A-909B05C46F09}.Debug|Any CPU.Build.0 = Debug|Any CPU
		{385C8D46-433F-44EB-925A-909B05C46F09}.Release|Any CPU.ActiveCfg = Release|Any CPU
		{385C8D46-433F-44EB-925A-909B05C46F09}.Release|Any CPU.Build.0 = Release|Any CPU
	EndGlobalSection
	GlobalSection(SolutionProperties) = preSolution
		HideSolutionNode = FALSE
	EndGlobalSection
	GlobalSection(ExtensibilityGlobals) = postSolution
		SolutionGuid = {543C965A-FBED-401C-9036-7B8E98225135}
	EndGlobalSection
EndGlobal
